
Microsoft Visual Studio Solution File, Format Version 12.00
# Visual Studio Version 17
VisualStudioVersion = 17.4.33103.184
MinimumVisualStudioVersion = 10.0.40219.1
Project("{FAE04EC0-301F-11D3-BF4B-00C04F79EFBC}") = "GorselProgramlamaFinalOdevi", "GorselProgramlamaFinalOdevi.csproj", "{4ADF884D-3173-4FB3-909F-0ED8813AC0D3}"
EndProject
Global
	GlobalSection(SolutionConfigurationPlatforms) = preSolution
		Debug|Any CPU = Debug|Any CPU
		Release|Any CPU = Release|Any CPU
	EndGlobalSection
	GlobalSection(ProjectConfigurationPlatforms) = postSolution
		{4ADF884D-3173-4FB3-909F-0ED8813AC0D3}.Debug|Any CPU.ActiveCfg = Debug|Any CPU
		{4ADF884D-3173-4FB3-909F-0ED8813AC0D3}.Debug|Any CPU.Build.0 = Debug|Any CPU
		{4ADF884D-3173-4FB3-909F-0ED8813AC0D3}.Release|Any CPU.ActiveCfg = Release|Any CPU
		{4ADF884D-3173-4FB3-909F-0ED8813AC0D3}.Release|Any CPU.Build.0 = Release|Any CPU
	EndGlobalSection
	GlobalSection(SolutionProperties) = preSolution
		HideSolutionNode = FALSE
	EndGlobalSection
	GlobalSection(ExtensibilityGlobals) = postSolution
		SolutionGuid = {E2806BBA-E877-4AA5-8D08-B6B73DFB5434}
	EndGlobalSection
EndGlobal
